hash: dc8b63b43088dd3a958a4af6c120adc440d379dd719dcfb516884df2fcc5390f
updated: 2016-06-29T14:43:01.05789777-03:00
imports:
- name: github.com/BurntSushi/toml
  version: f0aeabca5a127c4078abb8c8d64298b147264b55
- name: github.com/cjoudrey/gluahttp
  version: 9597a1d57575a0121726a2c50ad54fb74493a296
- name: github.com/felipejfc/gluahttpscrape
  version: 38472043301da3b819f0d3dcde35674d217593d3
- name: github.com/felipejfc/go-torrent-finder
  version: d94a7e428d103485bfdc0e3bc0b1d4e807390776
- name: github.com/fsnotify/fsnotify
  version: a8a77c9133d2d6fd8334f3260d06f60e8d80a5fb
- name: github.com/hashicorp/hcl
  version: 61f5143284c041681f76a5b63efcb232aaa94737
  subpackages:
  - hcl/ast
  - hcl/parser
  - hcl/token
  - json/parser
  - hcl/scanner
  - hcl/strconv
  - json/scanner
  - json/token
- name: github.com/layeh/gopher-json
  version: e45b65570c08a97b97a459e0cc04a53c1affab95
- name: github.com/magiconair/properties
  version: c265cfa48dda6474e208715ca93e987829f572f8
- name: github.com/mitchellh/mapstructure
  version: d2dd0262208475919e1a362f675cfc0e7c10e905
- name: github.com/op/go-logging
  version: 970db520ece77730c7e4724c61121037378659d9
- name: github.com/spf13/cast
  version: 27b586b42e29bec072fe7379259cc719e1289da6
- name: github.com/spf13/jwalterweatherman
  version: 33c24e77fb80341fe7130ee7c594256ff08ccc46
- name: github.com/spf13/pflag
  version: 367864438f1b1a3c7db4da06a2f55b144e6784e0
- name: github.com/spf13/viper
  version: c1ccc378a054ea8d4e38d8c67f6938d4760b53dd
- name: github.com/topfreegames/mqttbot
  version: afedd3ba45f31d7bf5329c7b5d2aed79f5575ea4
  subpackages:
  - logger
- name: github.com/yuin/gopher-lua
  version: 47f0f792b296190027f38d577f0860e2dad7a777
  subpackages:
  - ast
  - parse
  - pm
- name: golang.org/x/sys
  version: 62bee037599929a6e9146f29d10dd5208c43507d
  subpackages:
  - unix
- name: gopkg.in/yaml.v2
  version: a83829b6f1293c91addabc89d0571c246397bbf4
devImports: []
